// !$*UTF8*$!
{
	archiveVersion = 1;
	classes = {
	};
	objectVersion = 56;
	objects = {

/* Begin PBXBuildFile section */
		7280E4CB297038F4007E2AD8 /* AppDelegate.swift in Sources */ = {isa = PBXBuildFile; fileRef = 7280E4CA297038F4007E2AD8 /* AppDelegate.swift */; };
		7280E4CD297038F4007E2AD8 /* SceneDelegate.swift in Sources */ = {isa = PBXBuildFile; fileRef = 7280E4CC297038F4007E2AD8 /* SceneDelegate.swift */; };
		7280E4CF297038F4007E2AD8 /* ViewController.swift in Sources */ = {isa = PBXBuildFile; fileRef = 7280E4CE297038F4007E2AD8 /* ViewController.swift */; };
		7280E4D2297038F4007E2AD8 /* Main.storyboard in Resources */ = {isa = PBXBuildFile; fileRef = 7280E4D0297038F4007E2AD8 /* Main.storyboard */; };
		7280E4D4297038F4007E2AD8 /* Assets.xcassets in Resources */ = {isa = PBXBuildFile; fileRef = 7280E4D3297038F4007E2AD8 /* Assets.xcassets */; };
		7280E4D7297038F4007E2AD8 /* LaunchScreen.storyboard in Resources */ = {isa = PBXBuildFile; fileRef = 7280E4D5297038F4007E2AD8 /* LaunchScreen.storyboard */; };
		7280E4E2297038F5007E2AD8 /* ElementQuizTests.swift in Sources */ = {isa = PBXBuildFile; fileRef = 7280E4E1297038F5007E2AD8 /* ElementQuizTests.swift */; };
		7280E4EC297038F5007E2AD8 /* ElementQuizUITests.swift in Sources */ = {isa = PBXBuildFile; fileRef = 7280E4EB297038F5007E2AD8 /* ElementQuizUITests.swift */; };
		7280E4EE297038F5007E2AD8 /* ElementQuizUITestsLaunchTests.swift in Sources */ = {isa = PBXBuildFile; fileRef = 7280E4ED297038F5007E2AD8 /* ElementQuizUITestsLaunchTests.swift */; };
/* End PBXBuildFile section */

/* Begin PBXContainerItemProxy section */
		7280E4DE297038F5007E2AD8 /* PBXContainerItemProxy */ = {
			isa = PBXContainerItemProxy;
			containerPortal = 7280E4BF297038F4007E2AD8 /* Project object */;
			proxyType = 1;
			remoteGlobalIDString = 7280E4C6297038F4007E2AD8;
			remoteInfo = ElementQuiz;
		};
		7280E4E8297038F5007E2AD8 /* PBXContainerItemProxy */ = {
			isa = PBXContainerItemProxy;
			containerPortal = 7280E4BF297038F4007E2AD8 /* Project object */;
			proxyType = 1;
			remoteGlobalIDString = 7280E4C6297038F4007E2AD8;
			remoteInfo = ElementQuiz;
		};
/* End PBXContainerItemProxy section */

/* Begin PBXFileReference section */
		7280E4C7297038F4007E2AD8 /* ElementQuiz.app */ = {isa = PBXFileReference; explicitFileType = wrapper.application; includeInIndex = 0; path = ElementQuiz.app; sourceTree = BUILT_PRODUCTS_DIR; };
		7280E4CA297038F4007E2AD8 /* AppDelegate.swift */ = {isa = PBXFileReference; lastKnownFileType = sourcecode.swift; path = AppDelegate.swift; sourceTree = "<group>"; };
		7280E4CC297038F4007E2AD8 /* SceneDelegate.swift */ = {isa = PBXFileReference; lastKnownFileType = sourcecode.swift; path = SceneDelegate.swift; sourceTree = "<group>"; };
		7280E4CE297038F4007E2AD8 /* ViewController.swift */ = {isa = PBXFileReference; lastKnownFileType = sourcecode.swift; path = ViewController.swift; sourceTree = "<group>"; };
		7280E4D1297038F4007E2AD8 /* Base */ = {isa = PBXFileReference; lastKnownFileType = file.storyboard; name = Base; path = Base.lproj/Main.storyboard; sourceTree = "<group>"; };
		7280E4D3297038F4007E2AD8 /* Assets.xcassets */ = {isa = PBXFileReference; lastKnownFileType = folder.assetcatalog; path = Assets.xcassets; sourceTree = "<group>"; };
		7280E4D6297038F4007E2AD8 /* Base */ = {isa = PBXFileReference; lastKnownFileType = file.storyboard; name = Base; path = Base.lproj/LaunchScreen.storyboard; sourceTree = "<group>"; };
		7280E4D8297038F4007E2AD8 /* Info.plist */ = {isa = PBXFileReference; lastKnownFileType = text.plist.xml; path = Info.plist; sourceTree = "<group>"; };
		7280E4DD297038F5007E2AD8 /* ElementQuizTests.xctest */ = {isa = PBXFileReference; explicitFileType = wrapper.cfbundle; includeInIndex = 0; path = ElementQuizTests.xctest; sourceTree = BUILT_PRODUCTS_DIR; };
		7280E4E1297038F5007E2AD8 /* ElementQuizTests.swift */ = {isa = PBXFileReference; lastKnownFileType = sourcecode.swift; path = ElementQuizTests.swift; sourceTree = "<group>"; };
		7280E4E7297038F5007E2AD8 /* ElementQuizUITests.xctest */ = {isa = PBXFileReference; explicitFileType = wrapper.cfbundle; includeInIndex = 0; path = ElementQuizUITests.xctest; sourceTree = BUILT_PRODUCTS_DIR; };
		7280E4EB297038F5007E2AD8 /* ElementQuizUITests.swift */ = {isa = PBXFileReference; lastKnownFileType = sourcecode.swift; path = ElementQuizUITests.swift; sourceTree = "<group>"; };
		7280E4ED297038F5007E2AD8 /* ElementQuizUITestsLaunchTests.swift */ = {isa = PBXFileReference; lastKnownFileType = sourcecode.swift; path = ElementQuizUITestsLaunchTests.swift; sourceTree = "<group>"; };
/* End PBXFileReference section */

/* Begin PBXFrameworksBuildPhase section */
		7280E4C4297038F4007E2AD8 /* Frameworks */ = {
			isa = PBXFrameworksBuildPhase;
			buildActionMask = 2147483647;
			files = (
			);
			runOnlyForDeploymentPostprocessing = 0;
		};
		7280E4DA297038F5007E2AD8 /* Frameworks */ = {
			isa = PBXFrameworksBuildPhase;
			buildActionMask = 2147483647;
			files = (
			);
			runOnlyForDeploymentPostprocessing = 0;
		};
		7280E4E4297038F5007E2AD8 /* Frameworks */ = {
			isa = PBXFrameworksBuildPhase;
			buildActionMask = 2147483647;
			files = (
			);
			runOnlyForDeploymentPostprocessing = 0;
		};
/* End PBXFrameworksBuildPhase section */

/* Begin PBXGroup section */
		7280E4BE297038F4007E2AD8 = {
			isa = PBXGroup;
			children = (
				7280E4C9297038F4007E2AD8 /* ElementQuiz */,
				7280E4E0297038F5007E2AD8 /* ElementQuizTests */,
				7280E4EA297038F5007E2AD8 /* ElementQuizUITests */,
				7280E4C8297038F4007E2AD8 /* Products */,
			);
			sourceTree = "<group>";
		};
		7280E4C8297038F4007E2AD8 /* Products */ = {
			isa = PBXGroup;
			children = (
				7280E4C7297038F4007E2AD8 /* ElementQuiz.app */,
				7280E4DD297038F5007E2AD8 /* ElementQuizTests.xctest */,
				7280E4E7297038F5007E2AD8 /* ElementQuizUITests.xctest */,
			);
			name = Products;
			sourceTree = "<group>";
		};
		7280E4C9297038F4007E2AD8 /* ElementQuiz */ = {
			isa = PBXGroup;
			children = (
				7280E4CA297038F4007E2AD8 /* AppDelegate.swift */,
				7280E4CC297038F4007E2AD8 /* SceneDelegate.swift */,
				7280E4CE297038F4007E2AD8 /* ViewController.swift */,
				7280E4D0297038F4007E2AD8 /* Main.storyboard */,
				7280E4D3297038F4007E2AD8 /* Assets.xcassets */,
				7280E4D5297038F4007E2AD8 /* LaunchScreen.storyboard */,
				7280E4D8297038F4007E2AD8 /* Info.plist */,
			);
			path = ElementQuiz;
			sourceTree = "<group>";
		};
		7280E4E0297038F5007E2AD8 /* ElementQuizTests */ = {
			isa = PBXGroup;
			children = (
				7280E4E1297038F5007E2AD8 /* ElementQuizTests.swift */,
			);
			path = ElementQuizTests;
			sourceTree = "<group>";
		};
		7280E4EA297038F5007E2AD8 /* ElementQuizUITests */ = {
			isa = PBXGroup;
			children = (
				7280E4EB297038F5007E2AD8 /* ElementQuizUITests.swift */,
				7280E4ED297038F5007E2AD8 /* ElementQuizUITestsLaunchTests.swift */,
			);
			path = ElementQuizUITests;
			sourceTree = "<group>";
		};
/* End PBXGroup section */

/* Begin PBXNativeTarget section */
		7280E4C6297038F4007E2AD8 /* ElementQuiz */ = {
			isa = PBXNativeTarget;
			buildConfigurationList = 7280E4F1297038F5007E2AD8 /* Build configuration list for PBXNativeTarget "ElementQuiz" */;
			buildPhases = (
				7280E4C3297038F4007E2AD8 /* Sources */,
				7280E4C4297038F4007E2AD8 /* Frameworks */,
				7280E4C5297038F4007E2AD8 /* Resources */,
			);
			buildRules = (
			);
			dependencies = (
			);
			name = ElementQuiz;
			productName = ElementQuiz;
			productReference = 7280E4C7297038F4007E2AD8 /* ElementQuiz.app */;
			productType = "com.apple.product-type.application";
		};
		7280E4DC297038F5007E2AD8 /* ElementQuizTests */ = {
			isa = PBXNativeTarget;
			buildConfigurationList = 7280E4F4297038F5007E2AD8 /* Build configuration list for PBXNativeTarget "ElementQuizTests" */;
			buildPhases = (
				7280E4D9297038F5007E2AD8 /* Sources */,
				7280E4DA297038F5007E2AD8 /* Frameworks */,
				7280E4DB297038F5007E2AD8 /* Resources */,
			);
			buildRules = (
			);
			dependencies = (
				7280E4DF297038F5007E2AD8 /* PBXTargetDependency */,
			);
			name = ElementQuizTests;
			productName = ElementQuizTests;
			productReference = 7280E4DD297038F5007E2AD8 /* ElementQuizTests.xctest */;
			productType = "com.apple.product-type.bundle.unit-test";
		};
		7280E4E6297038F5007E2AD8 /* ElementQuizUITests */ = {
			isa = PBXNativeTarget;
			buildConfigurationList = 7280E4F7297038F5007E2AD8 /* Build configuration list for PBXNativeTarget "ElementQuizUITests" */;
			buildPhases = (
				7280E4E3297038F5007E2AD8 /* Sources */,
				7280E4E4297038F5007E2AD8 /* Frameworks */,
				7280E4E5297038F5007E2AD8 /* Resources */,
			);
			buildRules = (
			);
			dependencies = (
				7280E4E9297038F5007E2AD8 /* PBXTargetDependency */,
			);
			name = ElementQuizUITests;
			productName = ElementQuizUITests;
			productReference = 7280E4E7297038F5007E2AD8 /* ElementQuizUITests.xctest */;
			productType = "com.apple.product-type.bundle.ui-testing";
		};
/* End PBXNativeTarget section */

/* Begin PBXProject section */
		7280E4BF297038F4007E2AD8 /* Project object */ = {
			isa = PBXProject;
			attributes = {
				BuildIndependentTargetsInParallel = 1;
				LastSwiftUpdateCheck = 1410;
				LastUpgradeCheck = 1410;
				TargetAttributes = {
					7280E4C6297038F4007E2AD8 = {
						CreatedOnToolsVersion = 14.1;
					};
					7280E4DC297038F5007E2AD8 = {
						CreatedOnToolsVersion = 14.1;
						TestTargetID = 7280E4C6297038F4007E2AD8;
					};
					7280E4E6297038F5007E2AD8 = {
						CreatedOnToolsVersion = 14.1;
						TestTargetID = 7280E4C6297038F4007E2AD8;
					};
				};
			};
			buildConfigurationList = 7280E4C2297038F4007E2AD8 /* Build configuration list for PBXProject "ElementQuiz" */;
			compatibilityVersion = "Xcode 14.0";
			developmentRegion = en;
			hasScannedForEncodings = 0;
			knownRegions = (
				en,
				Base,
			);
			mainGroup = 7280E4BE297038F4007E2AD8;
			productRefGroup = 7280E4C8297038F4007E2AD8 /* Products */;
			projectDirPath = "";
			projectRoot = "";
			targets = (
				7280E4C6297038F4007E2AD8 /* ElementQuiz */,
				7280E4DC297038F5007E2AD8 /* ElementQuizTests */,
				7280E4E6297038F5007E2AD8 /* ElementQuizUITests */,
			);
		};
/* End PBXProject section */

/* Begin PBXResourcesBuildPhase section */
		7280E4C5297038F4007E2AD8 /* Resources */ = {
			isa = PBXResourcesBuildPhase;
			buildActionMask = 2147483647;
			files = (
				7280E4D7297038F4007E2AD8 /* LaunchScreen.storyboard in Resources */,
				7280E4D4297038F4007E2AD8 /* Assets.xcassets in Resources */,
				7280E4D2297038F4007E2AD8 /* Main.storyboard in Resources */,
			);
			runOnlyForDeploymentPostprocessing = 0;
		};
		7280E4DB297038F5007E2AD8 /* Resources */ = {
			isa = PBXResourcesBuildPhase;
			buildActionMask = 2147483647;
			files = (
			);
			runOnlyForDeploymentPostprocessing = 0;
		};
		7280E4E5297038F5007E2AD8 /* Resources */ = {
			isa = PBXResourcesBuildPhase;
			buildActionMask = 2147483647;
			files = (
			);
			runOnlyForDeploymentPostprocessing = 0;
		};
/* End PBXResourcesBuildPhase section */

/* Begin PBXSourcesBuildPhase section */
		7280E4C3297038F4007E2AD8 /* Sources */ = {
			isa = PBXSourcesBuildPhase;
			buildActionMask = 2147483647;
			files = (
				7280E4CF297038F4007E2AD8 /* ViewController.swift in Sources */,
				7280E4CB297038F4007E2AD8 /* AppDelegate.swift in Sources */,
				7280E4CD297038F4007E2AD8 /* SceneDelegate.swift in Sources */,
			);
			runOnlyForDeploymentPostprocessing = 0;
		};
		7280E4D9297038F5007E2AD8 /* Sources */ = {
			isa = PBXSourcesBuildPhase;
			buildActionMask = 2147483647;
			files = (
				7280E4E2297038F5007E2AD8 /* ElementQuizTests.swift in Sources */,
			);
			runOnlyForDeploymentPostprocessing = 0;
		};
		7280E4E3297038F5007E2AD8 /* Sources */ = {
			isa = PBXSourcesBuildPhase;
			buildActionMask = 2147483647;
			files = (
				7280E4EE297038F5007E2AD8 /* ElementQuizUITestsLaunchTests.swift in Sources */,
				7280E4EC297038F5007E2AD8 /* ElementQuizUITests.swift in Sources */,
			);
			runOnlyForDeploymentPostprocessing = 0;
		};
/* End PBXSourcesBuildPhase section */

/* Begin PBXTargetDependency section */
		7280E4DF297038F5007E2AD8 /* PBXTargetDependency */ = {
			isa = PBXTargetDependency;
			target = 7280E4C6297038F4007E2AD8 /* ElementQuiz */;
			targetProxy = 7280E4DE297038F5007E2AD8 /* PBXContainerItemProxy */;
		};
		7280E4E9297038F5007E2AD8 /* PBXTargetDependency */ = {
			isa = PBXTargetDependency;
			target = 7280E4C6297038F4007E2AD8 /* ElementQuiz */;
			targetProxy = 7280E4E8297038F5007E2AD8 /* PBXContainerItemProxy */;
		};
/* End PBXTargetDependency section */

/* Begin PBXVariantGroup section */
		7280E4D0297038F4007E2AD8 /* Main.storyboard */ = {
			isa = PBXVariantGroup;
			children = (
				7280E4D1297038F4007E2AD8 /* Base */,
			);
			name = Main.storyboard;
			sourceTree = "<group>";
		};
		7280E4D5297038F4007E2AD8 /* LaunchScreen.storyboard */ = {
			isa = PBXVariantGroup;
			children = (
				7280E4D6297038F4007E2AD8 /* Base */,
			);
			name = LaunchScreen.storyboard;
			sourceTree = "<group>";
		};
/* End PBXVariantGroup section */

/* Begin XCBuildConfiguration section */
		7280E4EF297038F5007E2AD8 /* Debug */ = {
			isa = XCBuildConfiguration;
			buildSettings = {
				ALWAYS_SEARCH_USER_PATHS = NO;
				CLANG_ANALYZER_NONNULL = YES;
				CLANG_ANALYZER_NUMBER_OBJECT_CONVERSION = YES_AGGRESSIVE;
				CLANG_CXX_LANGUAGE_STANDARD = "gnu++20";
				CLANG_ENABLE_MODULES = YES;
				CLANG_ENABLE_OBJC_ARC = YES;
				CLANG_ENABLE_OBJC_WEAK = YES;
				CLANG_WARN_BLOCK_CAPTURE_AUTORELEASING = YES;
				CLANG_WARN_BOOL_CONVERSION = YES;
				CLANG_WARN_COMMA = YES;
				CLANG_WARN_CONSTANT_CONVERSION = YES;
				CLANG_WARN_DEPRECATED_OBJC_IMPLEMENTATIONS = YES;
				CLANG_WARN_DIRECT_OBJC_ISA_USAGE = YES_ERROR;
				CLANG_WARN_DOCUMENTATION_COMMENTS = YES;
				CLANG_WARN_EMPTY_BODY = YES;
				CLANG_WARN_ENUM_CONVERSION = YES;
				CLANG_WARN_INFINITE_RECURSION = YES;
				CLANG_WARN_INT_CONVERSION = YES;
				CLANG_WARN_NON_LITERAL_NULL_CONVERSION = YES;
				CLANG_WARN_OBJC_IMPLICIT_RETAIN_SELF = YES;
				CLANG_WARN_OBJC_LITERAL_CONVERSION = YES;
				CLANG_WARN_OBJC_ROOT_CLASS = YES_ERROR;
				CLANG_WARN_QUOTED_INCLUDE_IN_FRAMEWORK_HEADER = YES;
				CLANG_WARN_RANGE_LOOP_ANALYSIS = YES;
				CLANG_WARN_STRICT_PROTOTYPES = YES;
				CLANG_WARN_SUSPICIOUS_MOVE = YES;
				CLANG_WARN_UNGUARDED_AVAILABILITY = YES_AGGRESSIVE;
				CLANG_WARN_UNREACHABLE_CODE = YES;
				CLANG_WARN__DUPLICATE_METHOD_MATCH = YES;
				COPY_PHASE_STRIP = NO;
				DEBUG_INFORMATION_FORMAT = dwarf;
				ENABLE_STRICT_OBJC_MSGSEND = YES;
				ENABLE_TESTABILITY = YES;
				GCC_C_LANGUAGE_STANDARD = gnu11;
				GCC_DYNAMIC_NO_PIC = NO;
				GCC_NO_COMMON_BLOCKS = YES;
				GCC_OPTIMIZATION_LEVEL = 0;
				GCC_PREPROCESSOR_DEFINITIONS = (
					"DEBUG=1",
					"$(inherited)",
				);
				GCC_WARN_64_TO_32_BIT_CONVERSION = YES;
				GCC_WARN_ABOUT_RETURN_TYPE = YES_ERROR;
				GCC_WARN_UNDECLARED_SELECTOR = YES;
				GCC_WARN_UNINITIALIZED_AUTOS = YES_AGGRESSIVE;
				GCC_WARN_UNUSED_FUNCTION = YES;
				GCC_WARN_UNUSED_VARIABLE = YES;
				IPHONEOS_DEPLOYMENT_TARGET = 16.1;
				MTL_ENABLE_DEBUG_INFO = INCLUDE_SOURCE;
				MTL_FAST_MATH = YES;
				ONLY_ACTIVE_ARCH = YES;
				SDKROOT = iphoneos;
				SWIFT_ACTIVE_COMPILATION_CONDITIONS = DEBUG;
				SWIFT_OPTIMIZATION_LEVEL = "-Onone";
			};
			name = Debug;
		};
		7280E4F0297038F5007E2AD8 /* Release */ = {
			isa = XCBuildConfiguration;
			buildSettings = {
				ALWAYS_SEARCH_USER_PATHS = NO;
				CLANG_ANALYZER_NONNULL = YES;
				CLANG_ANALYZER_NUMBER_OBJECT_CONVERSION = YES_AGGRESSIVE;
				CLANG_CXX_LANGUAGE_STANDARD = "gnu++20";
				CLANG_ENABLE_MODULES = YES;
				CLANG_ENABLE_OBJC_ARC = YES;
				CLANG_ENABLE_OBJC_WEAK = YES;
				CLANG_WARN_BLOCK_CAPTURE_AUTORELEASING = YES;
				CLANG_WARN_BOOL_CONVERSION = YES;
				CLANG_WARN_COMMA = YES;
				CLANG_WARN_CONSTANT_CONVERSION = YES;
				CLANG_WARN_DEPRECATED_OBJC_IMPLEMENTATIONS = YES;
				CLANG_WARN_DIRECT_OBJC_ISA_USAGE = YES_ERROR;
				CLANG_WARN_DOCUMENTATION_COMMENTS = YES;
				CLANG_WARN_EMPTY_BODY = YES;
				CLANG_WARN_ENUM_CONVERSION = YES;
				CLANG_WARN_INFINITE_RECURSION = YES;
				CLANG_WARN_INT_CONVERSION = YES;
				CLANG_WARN_NON_LITERAL_NULL_CONVERSION = YES;
				CLANG_WARN_OBJC_IMPLICIT_RETAIN_SELF = YES;
				CLANG_WARN_OBJC_LITERAL_CONVERSION = YES;
				CLANG_WARN_OBJC_ROOT_CLASS = YES_ERROR;
				CLANG_WARN_QUOTED_INCLUDE_IN_FRAMEWORK_HEADER = YES;
				CLANG_WARN_RANGE_LOOP_ANALYSIS = YES;
				CLANG_WARN_STRICT_PROTOTYPES = YES;
				CLANG_WARN_SUSPICIOUS_MOVE = YES;
				CLANG_WARN_UNGUARDED_AVAILABILITY = YES_AGGRESSIVE;
				CLANG_WARN_UNREACHABLE_CODE = YES;
				CLANG_WARN__DUPLICATE_METHOD_MATCH = YES;
				COPY_PHASE_STRIP = NO;
				DEBUG_INFORMATION_FORMAT = "dwarf-with-dsym";
				ENABLE_NS_ASSERTIONS = NO;
				ENABLE_STRICT_OBJC_MSGSEND = YES;
				GCC_C_LANGUAGE_STANDARD = gnu11;
				GCC_NO_COMMON_BLOCKS = YES;
				GCC_WARN_64_TO_32_BIT_CONVERSION = YES;
				GCC_WARN_ABOUT_RETURN_TYPE = YES_ERROR;
				GCC_WARN_UNDECLARED_SELECTOR = YES;
				GCC_WARN_UNINITIALIZED_AUTOS = YES_AGGRESSIVE;
				GCC_WARN_UNUSED_FUNCTION = YES;
				GCC_WARN_UNUSED_VARIABLE = YES;
				IPHONEOS_DEPLOYMENT_TARGET = 16.1;
				MTL_ENABLE_DEBUG_INFO = NO;
				MTL_FAST_MATH = YES;
				SDKROOT = iphoneos;
				SWIFT_COMPILATION_MODE = wholemodule;
				SWIFT_OPTIMIZATION_LEVEL = "-O";
				VALIDATE_PRODUCT = YES;
			};
			name = Release;
		};
		7280E4F2297038F5007E2AD8 /* Debug */ = {
			isa = XCBuildConfiguration;
			buildSettings = {
				ASSETCATALOG_COMPILER_APPICON_NAME = AppIcon;
				ASSETCATALOG_COMPILER_GLOBAL_ACCENT_COLOR_NAME = AccentColor;
				CODE_SIGN_STYLE = Automatic;
				CURRENT_PROJECT_VERSION = 1;
				GENERATE_INFOPLIST_FILE = YES;
				INFOPLIST_FILE = ElementQuiz/Info.plist;
				INFOPLIST_KEY_UIApplicationSupportsIndirectInputEvents = YES;
				INFOPLIST_KEY_UILaunchStoryboardName = LaunchScreen;
				INFOPLIST_KEY_UIMainStoryboardFile = Main;
				INFOPLIST_KEY_UISupportedInterfaceOrientations_iPad = "UIInterfaceOrientationPortrait UIInterfaceOrientationPortraitUpsideDown UIInterfaceOrientationLandscapeLeft UIInterfaceOrientationLandscapeRight";
				INFOPLIST_KEY_UISupportedInterfaceOrientations_iPhone = "UIInterfaceOrientationPortrait UIInterfaceOrientationLandscapeLeft UIInterfaceOrientationLandscapeRight";
				LD_RUNPATH_SEARCH_PATHS = (
					"$(inherited)",
					"@executable_path/Frameworks",
				);
				MARKETING_VERSION = 1.0;
				PRODUCT_BUNDLE_IDENTIFIER = chatbot.ElementQuiz;
				PRODUCT_NAME = "$(TARGET_NAME)";
				SWIFT_EMIT_LOC_STRINGS = YES;
				SWIFT_VERSION = 5.0;
				TARGETED_DEVICE_FAMILY = "1,2";
			};
			name = Debug;
		};
		7280E4F3297038F5007E2AD8 /* Release */ = {
			isa = XCBuildConfiguration;
			buildSettings = {
				ASSETCATALOG_COMPILER_APPICON_NAME = AppIcon;
				ASSETCATALOG_COMPILER_GLOBAL_ACCENT_COLOR_NAME = AccentColor;
				CODE_SIGN_STYLE = Automatic;
				CURRENT_PROJECT_VERSION = 1;
				GENERATE_INFOPLIST_FILE = YES;
				INFOPLIST_FILE = ElementQuiz/Info.plist;
				INFOPLIST_KEY_UIApplicationSupportsIndirectInputEvents = YES;
				INFOPLIST_KEY_UILaunchStoryboardName = LaunchScreen;
				INFOPLIST_KEY_UIMainStoryboardFile = Main;
				INFOPLIST_KEY_UISupportedInterfaceOrientations_iPad = "UIInterfaceOrientationPortrait UIInterfaceOrientationPortraitUpsideDown UIInterfaceOrientationLandscapeLeft UIInterfaceOrientationLandscapeRight";
				INFOPLIST_KEY_UISupportedInterfaceOrientations_iPhone = "UIInterfaceOrientationPortrait UIInterfaceOrientationLandscapeLeft UIInterfaceOrientationLandscapeRight";
				LD_RUNPATH_SEARCH_PATHS = (
					"$(inherited)",
					"@executable_path/Frameworks",
				);
				MARKETING_VERSION = 1.0;
				PRODUCT_BUNDLE_IDENTIFIER = chatbot.ElementQuiz;
				PRODUCT_NAME = "$(TARGET_NAME)";
				SWIFT_EMIT_LOC_STRINGS = YES;
				SWIFT_VERSION = 5.0;
				TARGETED_DEVICE_FAMILY = "1,2";
			};
			name = Release;
		};
		7280E4F5297038F5007E2AD8 /* Debug */ = {
			isa = XCBuildConfiguration;
			buildSettings = {
				ALWAYS_EMBED_SWIFT_STANDARD_LIBRARIES = YES;
				BUNDLE_LOADER = "$(TEST_HOST)";
				CODE_SIGN_STYLE = Automatic;
				CURRENT_PROJECT_VERSION = 1;
				GENERATE_INFOPLIST_FILE = YES;
				IPHONEOS_DEPLOYMENT_TARGET = 16.1;
				MARKETING_VERSION = 1.0;
				PRODUCT_BUNDLE_IDENTIFIER = chatbot.ElementQuizTests;
				PRODUCT_NAME = "$(TARGET_NAME)";
				SWIFT_EMIT_LOC_STRINGS = NO;
				SWIFT_VERSION = 5.0;
				TARGETED_DEVICE_FAMILY = "1,2";
				TEST_HOST = "$(BUILT_PRODUCTS_DIR)/ElementQuiz.app/$(BUNDLE_EXECUTABLE_FOLDER_PATH)/ElementQuiz";
			};
			name = Debug;
		};
		7280E4F6297038F5007E2AD8 /* Release */ = {
			isa = XCBuildConfiguration;
			buildSettings = {
				ALWAYS_EMBED_SWIFT_STANDARD_LIBRARIES = YES;
				BUNDLE_LOADER = "$(TEST_HOST)";
				CODE_SIGN_STYLE = Automatic;
				CURRENT_PROJECT_VERSION = 1;
				GENERATE_INFOPLIST_FILE = YES;
				IPHONEOS_DEPLOYMENT_TARGET = 16.1;
				MARKETING_VERSION = 1.0;
				PRODUCT_BUNDLE_IDENTIFIER = chatbot.ElementQuizTests;
				PRODUCT_NAME = "$(TARGET_NAME)";
				SWIFT_EMIT_LOC_STRINGS = NO;
				SWIFT_VERSION = 5.0;
				TARGETED_DEVICE_FAMILY = "1,2";
				TEST_HOST = "$(BUILT_PRODUCTS_DIR)/ElementQuiz.app/$(BUNDLE_EXECUTABLE_FOLDER_PATH)/ElementQuiz";
			};
			name = Release;
		};
		7280E4F8297038F5007E2AD8 /* Debug */ = {
			isa = XCBuildConfiguration;
			buildSettings = {
				ALWAYS_EMBED_SWIFT_STANDARD_LIBRARIES = YES;
				CODE_SIGN_STYLE = Automatic;
				CURRENT_PROJECT_VERSION = 1;
				GENERATE_INFOPLIST_FILE = YES;
				MARKETING_VERSION = 1.0;
				PRODUCT_BUNDLE_IDENTIFIER = chatbot.ElementQuizUITests;
				PRODUCT_NAME = "$(TARGET_NAME)";
				SWIFT_EMIT_LOC_STRINGS = NO;
				SWIFT_VERSION = 5.0;
				TARGETED_DEVICE_FAMILY = "1,2";
				TEST_TARGET_NAME = ElementQuiz;
			};
			name = Debug;
		};
		7280E4F9297038F5007E2AD8 /* Release */ = {
			isa = XCBuildConfiguration;
			buildSettings = {
				ALWAYS_EMBED_SWIFT_STANDARD_LIBRARIES = YES;
				CODE_SIGN_STYLE = Automatic;
				CURRENT_PROJECT_VERSION = 1;
				GENERATE_INFOPLIST_FILE = YES;
				MARKETING_VERSION = 1.0;
				PRODUCT_BUNDLE_IDENTIFIER = chatbot.ElementQuizUITests;
				PRODUCT_NAME = "$(TARGET_NAME)";
				SWIFT_EMIT_LOC_STRINGS = NO;
				SWIFT_VERSION = 5.0;
				TARGETED_DEVICE_FAMILY = "1,2";
				TEST_TARGET_NAME = ElementQuiz;
			};
			name = Release;
		};
/* End XCBuildConfiguration section */

/* Begin XCConfigurationList section */
		7280E4C2297038F4007E2AD8 /* Build configuration list for PBXProject "ElementQuiz" */ = {
			isa = XCConfigurationList;
			buildConfigurations = (
				7280E4EF297038F5007E2AD8 /* Debug */,
				7280E4F0297038F5007E2AD8 /* Release */,
			);
			defaultConfigurationIsVisible = 0;
			defaultConfigurationName = Release;
		};
		7280E4F1297038F5007E2AD8 /* Build configuration list for PBXNativeTarget "ElementQuiz" */ = {
			isa = XCConfigurationList;
			buildConfigurations = (
				7280E4F2297038F5007E2AD8 /* Debug */,
				7280E4F3297038F5007E2AD8 /* Release */,
			);
			defaultConfigurationIsVisible = 0;
			defaultConfigurationName = Release;
		};
		7280E4F4297038F5007E2AD8 /* Build configuration list for PBXNativeTarget "ElementQuizTests" */ = {
			isa = XCConfigurationList;
			buildConfigurations = (
				7280E4F5297038F5007E2AD8 /* Debug */,
				7280E4F6297038F5007E2AD8 /* Release */,
			);
			defaultConfigurationIsVisible = 0;
			defaultConfigurationName = Release;
		};
		7280E4F7297038F5007E2AD8 /* Build configuration list for PBXNativeTarget "ElementQuizUITests" */ = {
			isa = XCConfigurationList;
			buildConfigurations = (
				7280E4F8297038F5007E2AD8 /* Debug */,
				7280E4F9297038F5007E2AD8 /* Release */,
			);
			defaultConfigurationIsVisible = 0;
			defaultConfigurationName = Release;
		};
/* End XCConfigurationList section */
	};
	rootObject = 7280E4BF297038F4007E2AD8 /* Project object */;
}
